
Microsoft Visual Studio Solution File, Format Version 12.00
# Visual Studio Version 17
VisualStudioVersion = 17.0.32112.339
MinimumVisualStudioVersion = 10.0.40219.1
Project("{9A19103F-16F7-4668-BE54-9A1E7A4F7556}") = "CurlToCSharp", "CurlToCSharp\CurlToCSharp.csproj", "{8D6E8E9C-BD0D-490F-95CB-0097538639F7}"
EndProject
Project("{2150E333-8FDC-42A3-9474-1A3956D46DE8}") = "Solution Items", "Solution Items", "{C5356052-AFAE-44B6-AE76-79B1B89FDB91}"
	ProjectSection(SolutionItems) = preProject
		..\.editorconfig = ..\.editorconfig
		..\appveyor.yml = ..\appveyor.yml
		..\build.cake = ..\build.cake
		..\.github\workflows\codeql-analysis.yml = ..\.github\workflows\codeql-analysis.yml
		Directory.Build.props = Directory.Build.props
		..\Dockerfile = ..\Dockerfile
		..\README.md = ..\README.md
		..\.github\dependabot.yml = ..\.github\dependabot.yml
	EndProjectSection
EndProject
Project("{9A19103F-16F7-4668-BE54-9A1E7A4F7556}") = "CurlToCSharp.IntegrationTests", "CurlToCSharp.IntegrationTests\CurlToCSharp.IntegrationTests.csproj", "{96715803-FA09-45C8-8568-193FD45DEBAC}"
EndProject
Project("{9A19103F-16F7-4668-BE54-9A1E7A4F7556}") = "CurlToCSharp.UnitTests", "CurlToCSharp.UnitTests\CurlToCSharp.UnitTests.csproj", "{7A9D7C19-2F4A-4059-80A3-FFC99C5184FA}"
EndProject
Project("{9A19103F-16F7-4668-BE54-9A1E7A4F7556}") = "Curl.CommandLine.Parser", "Curl.CommandLine.Parser\Curl.CommandLine.Parser.csproj", "{AB71CE72-57D7-4733-A30B-B70D8976B0EE}"
EndProject
Project("{9A19103F-16F7-4668-BE54-9A1E7A4F7556}") = "Curl.HttpClient.Converter", "Curl.HttpClient.Converter\Curl.HttpClient.Converter.csproj", "{B205472A-4B19-4171-BD3A-0AF313C6F811}"
EndProject
Project("{2150E333-8FDC-42A3-9474-1A3956D46DE8}") = "Tests", "Tests", "{79759FEF-C681-4408-BFA2-B780E8891FBA}"
EndProject
Global
	GlobalSection(SolutionConfigurationPlatforms) = preSolution
		Debug|Any CPU = Debug|Any CPU
		Release|Any CPU = Release|Any CPU
	EndGlobalSection
	GlobalSection(ProjectConfigurationPlatforms) = postSolution
		{8D6E8E9C-BD0D-490F-95CB-0097538639F7}.Debug|Any CPU.ActiveCfg = Debug|Any CPU
		{8D6E8E9C-BD0D-490F-95CB-0097538639F7}.Debug|Any CPU.Build.0 = Debug|Any CPU
		{8D6E8E9C-BD0D-490F-95CB-0097538639F7}.Release|Any CPU.ActiveCfg = Release|Any CPU
		{8D6E8E9C-BD0D-490F-95CB-0097538639F7}.Release|Any CPU.Build.0 = Release|Any CPU
		{96715803-FA09-45C8-8568-193FD45DEBAC}.Debug|Any CPU.ActiveCfg = Debug|Any CPU
		{96715803-FA09-45C8-8568-193FD45DEBAC}.Debug|Any CPU.Build.0 = Debug|Any CPU
		{96715803-FA09-45C8-8568-193FD45DEBAC}.Release|Any CPU.ActiveCfg = Release|Any CPU
		{96715803-FA09-45C8-8568-193FD45DEBAC}.Release|Any CPU.Build.0 = Release|Any CPU
		{7A9D7C19-2F4A-4059-80A3-FFC99C5184FA}.Debug|Any CPU.ActiveCfg = Debug|Any CPU
		{7A9D7C19-2F4A-4059-80A3-FFC99C5184FA}.Debug|Any CPU.Build.0 = Debug|Any CPU
		{7A9D7C19-2F4A-4059-80A3-FFC99C5184FA}.Release|Any CPU.ActiveCfg = Release|Any CPU
		{7A9D7C19-2F4A-4059-80A3-FFC99C5184FA}.Release|Any CPU.Build.0 = Release|Any CPU
		{AB71CE72-57D7-4733-A30B-B70D8976B0EE}.Debug|Any CPU.ActiveCfg = Debug|Any CPU
		{AB71CE72-57D7-4733-A30B-B70D8976B0EE}.Debug|Any CPU.Build.0 = Debug|Any CPU
		{AB71CE72-57D7-4733-A30B-B70D8976B0EE}.Release|Any CPU.ActiveCfg = Release|Any CPU
		{AB71CE72-57D7-4733-A30B-B70D8976B0EE}.Release|Any CPU.Build.0 = Release|Any CPU
		{B205472A-4B19-4171-BD3A-0AF313C6F811}.Debug|Any CPU.ActiveCfg = Debug|Any CPU
		{B205472A-4B19-4171-BD3A-0AF313C6F811}.Debug|Any CPU.Build.0 = Debug|Any CPU
		{B205472A-4B19-4171-BD3A-0AF313C6F811}.Release|Any CPU.ActiveCfg = Release|Any CPU
		{B205472A-4B19-4171-BD3A-0AF313C6F811}.Release|Any CPU.Build.0 = Release|Any CPU
	EndGlobalSection
	GlobalSection(SolutionProperties) = preSolution
		HideSolutionNode = FALSE
	EndGlobalSection
	GlobalSection(NestedProjects) = preSolution
		{96715803-FA09-45C8-8568-193FD45DEBAC} = {79759FEF-C681-4408-BFA2-B780E8891FBA}
		{7A9D7C19-2F4A-4059-80A3-FFC99C5184FA} = {79759FEF-C681-4408-BFA2-B780E8891FBA}
	EndGlobalSection
	GlobalSection(ExtensibilityGlobals) = postSolution
		SolutionGuid = {42D67957-C5CC-4760-A522-EB128355B4E2}
	EndGlobalSection
EndGlobal
