
Microsoft Visual Studio Solution File, Format Version 12.00
# Visual Studio 15
VisualStudioVersion = 15.0.27703.2026
MinimumVisualStudioVersion = 10.0.40219.1
Project("{9A19103F-16F7-4668-BE54-9A1E7A4F7556}") = "CurlToSharp", "CurlToSharp\CurlToSharp.csproj", "{7CADE458-CE07-4D40-9705-A212E97D139A}"
EndProject
Project("{FAE04EC0-301F-11D3-BF4B-00C04F79EFBC}") = "CurlToSharp.Tests", "CurlToSharp.Tests\CurlToSharp.Tests.csproj", "{23562984-2A88-4F98-9524-D0AB8964C3AE}"
EndProject
Global
	GlobalSection(SolutionConfigurationPlatforms) = preSolution
		Debug|Any CPU = Debug|Any CPU
		Release|Any CPU = Release|Any CPU
	EndGlobalSection
	GlobalSection(ProjectConfigurationPlatforms) = postSolution
		{7CADE458-CE07-4D40-9705-A212E97D139A}.Debug|Any CPU.ActiveCfg = Debug|Any CPU
		{7CADE458-CE07-4D40-9705-A212E97D139A}.Debug|Any CPU.Build.0 = Debug|Any CPU
		{7CADE458-CE07-4D40-9705-A212E97D139A}.Release|Any CPU.ActiveCfg = Release|Any CPU
		{7CADE458-CE07-4D40-9705-A212E97D139A}.Release|Any CPU.Build.0 = Release|Any CPU
		{23562984-2A88-4F98-9524-D0AB8964C3AE}.Debug|Any CPU.ActiveCfg = Debug|Any CPU
		{23562984-2A88-4F98-9524-D0AB8964C3AE}.Debug|Any CPU.Build.0 = Debug|Any CPU
		{23562984-2A88-4F98-9524-D0AB8964C3AE}.Release|Any CPU.ActiveCfg = Release|Any CPU
		{23562984-2A88-4F98-9524-D0AB8964C3AE}.Release|Any CPU.Build.0 = Release|Any CPU
	EndGlobalSection
	GlobalSection(SolutionProperties) = preSolution
		HideSolutionNode = FALSE
	EndGlobalSection
	GlobalSection(ExtensibilityGlobals) = postSolution
		SolutionGuid = {42D67957-C5CC-4760-A522-EB128355B4E2}
	EndGlobalSection
EndGlobal
